
Microsoft Visual Studio Solution File, Format Version 12.00
# Visual Studio Version 17
VisualStudioVersion = 17.12.35707.178 d17.12
MinimumVisualStudioVersion = 10.0.40219.1
Project("{FAE04EC0-301F-11D3-BF4B-00C04F79EFBC}") = "Final_Act_SQL", "Final_Act_SQL\Final_Act_SQL.csproj", "{AEE3EB39-51E0-4659-B86F-27107595CC87}"
EndProject
Global
	GlobalSection(SolutionConfigurationPlatforms) = preSolution
		Debug|Any CPU = Debug|Any CPU
		Release|Any CPU = Release|Any CPU
	EndGlobalSection
	GlobalSection(ProjectConfigurationPlatforms) = postSolution
		{AEE3EB39-51E0-4659-B86F-27107595CC87}.Debug|Any CPU.ActiveCfg = Debug|Any CPU
		{AEE3EB39-51E0-4659-B86F-27107595CC87}.Debug|Any CPU.Build.0 = Debug|Any CPU
		{AEE3EB39-51E0-4659-B86F-27107595CC87}.Release|Any CPU.ActiveCfg = Release|Any CPU
		{AEE3EB39-51E0-4659-B86F-27107595CC87}.Release|Any CPU.Build.0 = Release|Any CPU
	EndGlobalSection
	GlobalSection(SolutionProperties) = preSolution
		HideSolutionNode = FALSE
	EndGlobalSection
EndGlobal
